
Microsoft Visual Studio Solution File, Format Version 12.00
# Visual Studio Version 16
VisualStudioVersion = 16.0.31702.278
MinimumVisualStudioVersion = 10.0.40219.1
Project("{8BC9CEB8-8B4A-11D0-8D11-00A0C91BC942}") = "GL", "GL\GL.vcxproj", "{A16AC3D2-03D1-4B67-BA08-EC2A22541C92}"
EndProject
Project("{8BC9CEB8-8B4A-11D0-8D11-00A0C91BC942}") = "Training21", "Training21\Training21.vcxproj", "{E7C777D9-8BAB-443A-ACF3-18B4C58C8E7A}"
EndProject
Project("{8BC9CEB8-8B4A-11D0-8D11-00A0C91BC942}") = "Training23", "Training23\Training23.vcxproj", "{BB6B4EE2-90C8-464B-94F4-0F97BC3BA129}"
EndProject
Project("{8BC9CEB8-8B4A-11D0-8D11-00A0C91BC942}") = "Training22", "Training22\Training22.vcxproj", "{AC3B106B-023A-4358-AC49-3D946F35D51B}"
EndProject
Global
	GlobalSection(SolutionConfigurationPlatforms) = preSolution
		Debug|x64 = Debug|x64
		Debug|x86 = Debug|x86
		Release|x64 = Release|x64
		Release|x86 = Release|x86
	EndGlobalSection
	GlobalSection(ProjectConfigurationPlatforms) = postSolution
		{A16AC3D2-03D1-4B67-BA08-EC2A22541C92}.Debug|x64.ActiveCfg = Debug|x64
		{A16AC3D2-03D1-4B67-BA08-EC2A22541C92}.Debug|x64.Build.0 = Debug|x64
		{A16AC3D2-03D1-4B67-BA08-EC2A22541C92}.Debug|x86.ActiveCfg = Debug|Win32
		{A16AC3D2-03D1-4B67-BA08-EC2A22541C92}.Debug|x86.Build.0 = Debug|Win32
		{A16AC3D2-03D1-4B67-BA08-EC2A22541C92}.Release|x64.ActiveCfg = Release|x64
		{A16AC3D2-03D1-4B67-BA08-EC2A22541C92}.Release|x64.Build.0 = Release|x64
		{A16AC3D2-03D1-4B67-BA08-EC2A22541C92}.Release|x86.ActiveCfg = Release|Win32
		{A16AC3D2-03D1-4B67-BA08-EC2A22541C92}.Release|x86.Build.0 = Release|Win32
		{E7C777D9-8BAB-443A-ACF3-18B4C58C8E7A}.Debug|x64.ActiveCfg = Debug|x64
		{E7C777D9-8BAB-443A-ACF3-18B4C58C8E7A}.Debug|x64.Build.0 = Debug|x64
		{E7C777D9-8BAB-443A-ACF3-18B4C58C8E7A}.Debug|x86.ActiveCfg = Debug|Win32
		{E7C777D9-8BAB-443A-ACF3-18B4C58C8E7A}.Debug|x86.Build.0 = Debug|Win32
		{E7C777D9-8BAB-443A-ACF3-18B4C58C8E7A}.Release|x64.ActiveCfg = Release|x64
		{E7C777D9-8BAB-443A-ACF3-18B4C58C8E7A}.Release|x64.Build.0 = Release|x64
		{E7C777D9-8BAB-443A-ACF3-18B4C58C8E7A}.Release|x86.ActiveCfg = Release|Win32
		{E7C777D9-8BAB-443A-ACF3-18B4C58C8E7A}.Release|x86.Build.0 = Release|Win32
		{BB6B4EE2-90C8-464B-94F4-0F97BC3BA129}.Debug|x64.ActiveCfg = Debug|x64
		{BB6B4EE2-90C8-464B-94F4-0F97BC3BA129}.Debug|x64.Build.0 = Debug|x64
		{BB6B4EE2-90C8-464B-94F4-0F97BC3BA129}.Debug|x86.ActiveCfg = Debug|Win32
		{BB6B4EE2-90C8-464B-94F4-0F97BC3BA129}.Debug|x86.Build.0 = Debug|Win32
		{BB6B4EE2-90C8-464B-94F4-0F97BC3BA129}.Release|x64.ActiveCfg = Release|x64
		{BB6B4EE2-90C8-464B-94F4-0F97BC3BA129}.Release|x64.Build.0 = Release|x64
		{BB6B4EE2-90C8-464B-94F4-0F97BC3BA129}.Release|x86.ActiveCfg = Release|Win32
		{BB6B4EE2-90C8-464B-94F4-0F97BC3BA129}.Release|x86.Build.0 = Release|Win32
		{AC3B106B-023A-4358-AC49-3D946F35D51B}.Debug|x64.ActiveCfg = Debug|x64
		{AC3B106B-023A-4358-AC49-3D946F35D51B}.Debug|x64.Build.0 = Debug|x64
		{AC3B106B-023A-4358-AC49-3D946F35D51B}.Debug|x86.ActiveCfg = Debug|Win32
		{AC3B106B-023A-4358-AC49-3D946F35D51B}.Debug|x86.Build.0 = Debug|Win32
		{AC3B106B-023A-4358-AC49-3D946F35D51B}.Release|x64.ActiveCfg = Release|x64
		{AC3B106B-023A-4358-AC49-3D946F35D51B}.Release|x64.Build.0 = Release|x64
		{AC3B106B-023A-4358-AC49-3D946F35D51B}.Release|x86.ActiveCfg = Release|Win32
		{AC3B106B-023A-4358-AC49-3D946F35D51B}.Release|x86.Build.0 = Release|Win32
	EndGlobalSection
	GlobalSection(SolutionProperties) = preSolution
		HideSolutionNode = FALSE
	EndGlobalSection
	GlobalSection(ExtensibilityGlobals) = postSolution
		SolutionGuid = {F5EF25F6-4F73-4DDD-A786-AD8EE9392C14}
	EndGlobalSection
EndGlobal
